<?xml version="1.0" encoding="utf-8"?>
<Project ToolsVersion="4.0" xmlns="http://schemas.microsoft.com/developer/msbuild/2003">
  <ItemGroup>
    <ClCompile Include="GameTest.cpp">
      <Filter>Test</Filter>
    </ClCompile>
    <ClCompile Include="..\Particles\Game.cpp">
      <Filter>Src\Source Files</Filter>
    </ClCompile>
    <ClCompile Include="..\Particles\Screen.cpp">
      <Filter>Src\Source Files</Filter>
    </ClCompile>
    <ClCompile Include="..\Particles\Source.cpp">
      <Filter>Src\Source Files</Filter>
    </ClCompile>
    <ClCompile Include="..\Particles\Swarm.cpp">
      <Filter>Src\Source Files</Filter>
    </ClCompile>
    <ClCompile Include="..\Particles\Wall.cpp">
      <Filter>Src\Source Files</Filter>
    </ClCompile>
  </ItemGroup>
  <ItemGroup>
    <ClInclude Include="..\Particles\Game.h">
      <Filter>Src\Header Files</Filter>
    </ClInclude>
    <ClInclude Include="..\Particles\Screen.h">
      <Filter>Src\Header Files</Filter>
    </ClInclude>
    <ClInclude Include="..\Particles\Swarm.h">
      <Filter>Src\Header Files</Filter>
    </ClInclude>
    <ClInclude Include="..\Particles\Utils.h">
      <Filter>Src\Header Files</Filter>
    </ClInclude>
    <ClInclude Include="..\Particles\Wall.h">
      <Filter>Src\Header Files</Filter>
    </ClInclude>
  </ItemGroup>
  <ItemGroup>
    <None Include="packages.config" />
  </ItemGroup>
  <ItemGroup>
    <Filter Include="Test">
      <UniqueIdentifier>{474b3bff-5553-4f5a-85c6-007586addf7d}</UniqueIdentifier>
    </Filter>
    <Filter Include="Src">
      <UniqueIdentifier>{a22b21d8-1298-439f-b089-f5efe140e6a9}</UniqueIdentifier>
    </Filter>
    <Filter Include="Src\Header Files">
      <UniqueIdentifier>{9a240664-c110-46ae-9cb7-e1b969d77670}</UniqueIdentifier>
    </Filter>
    <Filter Include="Src\Source Files">
      <UniqueIdentifier>{d3c28aa4-7fd1-42a3-b37d-3d0a08f125ad}</UniqueIdentifier>
    </Filter>
  </ItemGroup>
</Project>