<?xml version="1.0" encoding="utf-8"?>
<Project ToolsVersion="4.0" xmlns="http://schemas.microsoft.com/developer/msbuild/2003">
  <ItemGroup>
    <ClCompile Include="Test.cpp">
      <Filter>Source Files</Filter>
    </ClCompile>
    <ClCompile Include="$(MSBuildThisFileDirectory)..\..\lib\native\src\gmock\gmock-all.cc">
      <Filter>Resource Files</Filter>
    </ClCompile>
    <ClCompile Include="$(MSBuildThisFileDirectory)..\..\lib\native\src\gtest\gtest-all.cc">
      <Filter>Resource Files</Filter>
    </ClCompile>
    <ClCompile Include="GameTest.h">
      <Filter>Tests</Filter>
    </ClCompile>
  </ItemGroup>
  <ItemGroup>
    <ClInclude Include="Common.h">
      <Filter>Header Files</Filter>
    </ClInclude>
    <ClInclude Include="Mocks.h">
      <Filter>Header Files</Filter>
    </ClInclude>
    <ClInclude Include="ScreenTest.h">
      <Filter>Tests</Filter>
    </ClInclude>
    <ClInclude Include="SourceTest.h">
      <Filter>Tests</Filter>
    </ClInclude>
    <ClInclude Include="SwarmTest.h">
      <Filter>Tests</Filter>
    </ClInclude>
    <ClInclude Include="WallTest.h">
      <Filter>Tests</Filter>
    </ClInclude>
  </ItemGroup>
  <ItemGroup>
    <Filter Include="Header Files">
      <UniqueIdentifier>{092a94b3-7fed-4ef0-a312-dd9e9169bdeb}</UniqueIdentifier>
    </Filter>
    <Filter Include="Source Files">
      <UniqueIdentifier>{a4a68052-773c-4e0c-a214-463605e01306}</UniqueIdentifier>
    </Filter>
    <Filter Include="Resource Files">
      <UniqueIdentifier>{398c3682-32e8-46ae-8ff9-5e8cec36289d}</UniqueIdentifier>
    </Filter>
    <Filter Include="Tests">
      <UniqueIdentifier>{0efe81c4-0b55-4b0c-bd9e-431c60fcef18}</UniqueIdentifier>
    </Filter>
  </ItemGroup>
  <ItemGroup>
    <None Include="packages.config">
      <Filter>Resource Files</Filter>
    </None>
  </ItemGroup>
</Project>